// This lockfile was autogenerated by Pants. To regenerate, run:
//
//    pants generate-lockfiles --resolve=bls_data_catalog_env
//
// --- BEGIN PANTS LOCKFILE METADATA: DO NOT EDIT OR REMOVE ---
// {
//   "version": 3,
//   "valid_for_interpreter_constraints": [
//     "CPython<3.13,>=3.11"
//   ],
//   "generated_with_requirements": [
//     "duckdb>=0.9.0",
//     "fastapi>=0.104.0",
//     "pydantic>=2.0.0",
//     "uvicorn>=0.24.0"
//   ],
//   "manylinux": "manylinux2014",
//   "requirement_constraints": [],
//   "only_binary": [],
//   "no_binary": []
// }
// --- END PANTS LOCKFILE METADATA ---

{
  "allow_builds": true,
  "allow_prereleases": false,
  "allow_wheels": true,
  "build_isolation": true,
  "constraints": [],
  "excluded": [],
  "locked_resolves": [
    {
      "locked_requirements": [
        {
          "artifacts": [
            {
              "algorithm": "sha256",
              "hash": "571ac1dc6991c450b25a9c2d84a3705e2ae7a53467b5d111c24fa8baabbed320",
              "url": "https://files.pythonhosted.org/packages/1e/d3/26bf1008eb3d2daa8ef4cacc7f3bfdc11818d111f7e2d0201bc6e3b49d45/annotated_doc-0.0.4-py3-none-any.whl"
            },
            {
              "algorithm": "sha256",
              "hash": "fbcda96e87e9c92ad167c2e53839e57503ecfda18804ea28102353485033faa4",
              "url": "https://files.pythonhosted.org/packages/57/ba/046ceea27344560984e26a590f90bc7f4a75b06701f653222458922b558c/annotated_doc-0.0.4.tar.gz"
            }
          ],
          "project_name": "annotated-doc",
          "requires_dists": [],
          "requires_python": ">=3.8",
          "version": "0.0.4"
        },
        {
          "artifacts": [
            {
              "algorithm": "sha256",
              "hash": "1f02e8b43a8fbbc3f3e0d4f0f4bfc8131bcb4eebe8849b8e5c773f3a1c582a53",
              "url": "https://files.pythonhosted.org/packages/78/b6/6307fbef88d9b5ee7421e68d78a9f162e0da4900bc5f5793f6d3d0e34fb8/annotated_types-0.7.0-py3-none-any.whl"
            },
            {
              "algorithm": "sha256",
              "hash": "aff07c09a53a08bc8cfccb9c85b05f1aa9a2a6f23728d790723543408344ce89",
              "url": "https://files.pythonhosted.org/packages/ee/67/531ea369ba64dcff5ec9c3402f9f51bf748cec26dde048a2f973a4eea7f5/annotated_types-0.7.0.tar.gz"
            }
          ],
          "project_name": "annotated-types",
          "requires_dists": [
            "typing-extensions>=4.0.0; python_version < \"3.9\""
          ],
          "requires_python": ">=3.8",
          "version": "0.7.0"
        },
        {
          "artifacts": [
            {
              "algorithm": "sha256",
              "hash": "0287e96f4d26d4149305414d4e3bc32f0dcd0862365a4bddea19d7a1ec38c4fc",
              "url": "https://files.pythonhosted.org/packages/15/b3/9b1a8074496371342ec1e796a96f99c82c945a339cd81a8e73de28b4cf9e/anyio-4.11.0-py3-none-any.whl"
            },
            {
              "algorithm": "sha256",
              "hash": "82a8d0b81e318cc5ce71a5f1f8b5c4e63619620b63141ef8c995fa0db95a57c4",
              "url": "https://files.pythonhosted.org/packages/c6/78/7d432127c41b50bccba979505f272c16cbcadcc33645d5fa3a738110ae75/anyio-4.11.0.tar.gz"
            }
          ],
          "project_name": "anyio",
          "requires_dists": [
            "exceptiongroup>=1.0.2; python_version < \"3.11\"",
            "idna>=2.8",
            "sniffio>=1.1",
            "trio>=0.31.0; extra == \"trio\"",
            "typing_extensions>=4.5; python_version < \"3.13\""
          ],
          "requires_python": ">=3.9",
          "version": "4.11.0"
        },
        {
          "artifacts": [
            {
              "algorithm": "sha256",
              "hash": "981153a64e25f12d547d3426c367a4857371575ee7ad18df2a6183ab0545b2a6",
              "url": "https://files.pythonhosted.org/packages/98/78/01c019cdb5d6498122777c1a43056ebb3ebfeef2076d9d026bfe15583b2b/click-8.3.1-py3-none-any.whl"
            },
            {
              "algorithm": "sha256",
              "hash": "12ff4785d337a1bb490bb7e9c2b1ee5da3112e94a8622f26a6c77f5d2fc6842a",
              "url": "https://files.pythonhosted.org/packages/3d/fa/656b739db8587d7b5dfa22e22ed02566950fbfbcdc20311993483657a5c0/click-8.3.1.tar.gz"
            }
          ],
          "project_name": "click",
          "requires_dists": [
            "colorama; platform_system == \"Windows\""
          ],
          "requires_python": ">=3.10",
          "version": "8.3.1"
        },
        {
          "artifacts": [
            {
              "algorithm": "sha256",
              "hash": "c6a21732dd52a76f1e61484c06d65800b18f57fe29e8102a7466c201a2221604",
              "url": "https://files.pythonhosted.org/packages/a5/52/7570a50430cbffc8bd702443ac28a446b0fa4f77747a3821d4b37a852b15/duckdb-1.4.2-cp312-cp312-manylinux_2_26_x86_64.manylinux_2_28_x86_64.whl"
            },
            {
              "algorithm": "sha256",
              "hash": "b2d882672b61bc6117a2c524cf64ea519d2e829295951d214f04e126f1549b09",
              "url": "https://files.pythonhosted.org/packages/1a/76/5b79eac0abcb239806da1d26f20515882a8392d0729a031af9e61d494dd4/duckdb-1.4.2-cp311-cp311-macosx_10_9_universal2.whl"
            },
            {
              "algorithm": "sha256",
              "hash": "0c2315b693f201787c9892f31eb9a0484d3c648edb3578a86dc8c1284dd2873a",
              "url": "https://files.pythonhosted.org/packages/30/7c/709a80e72a3bf013fa890fc767d2959a8a2a15abee4088559ddabcb9399f/duckdb-1.4.2-cp311-cp311-manylinux_2_26_x86_64.manylinux_2_28_x86_64.whl"
            },
            {
              "algorithm": "sha256",
              "hash": "946a8374c0252db3fa41165ab9952b48adc8de06561a6b5fd62025ac700e492f",
              "url": "https://files.pythonhosted.org/packages/34/b7/030cc278a4ae788800a833b2901b9a7da7a6993121053c4155c359328531/duckdb-1.4.2-cp312-cp312-macosx_10_13_x86_64.whl"
            },
            {
              "algorithm": "sha256",
              "hash": "7be8c0c40f2264b91500b89c688f743e1c7764966e988f680b1f19416b00052e",
              "url": "https://files.pythonhosted.org/packages/6e/ac/d0d0e3feae9663334b2336f15785d280b54a56c3ffa10334e20a51a87ecd/duckdb-1.4.2-cp312-cp312-manylinux_2_26_aarch64.manylinux_2_28_aarch64.whl"
            },
            {
              "algorithm": "sha256",
              "hash": "995ec9c1fc3ce5fbfe5950b980ede2a9d51b35fdf2e3f873ce94c22fc3355fdc",
              "url": "https://files.pythonhosted.org/packages/73/1a/324d7787fdb0de96872ff7b48524830930494b45abf9501875be7456faa2/duckdb-1.4.2-cp311-cp311-macosx_10_9_x86_64.whl"
            },
            {
              "algorithm": "sha256",
              "hash": "df81acee3b15ecb2c72eb8f8579fb5922f6f56c71f5c8892ea3bc6fab39aa2c4",
              "url": "https://files.pythonhosted.org/packages/81/99/ac6c105118751cc3ccae980b12e44847273f3402e647ec3197aff2251e23/duckdb-1.4.2.tar.gz"
            },
            {
              "algorithm": "sha256",
              "hash": "19d2c2f3cdf0242cad42e803602bbc2636706fc1d2d260ffac815ea2e3a018e8",
              "url": "https://files.pythonhosted.org/packages/ad/c6/a2a072ca73f91a32c0db1254dd84fec30f4d673f9d57d853802aedf867fa/duckdb-1.4.2-cp311-cp311-macosx_11_0_arm64.whl"
            },
            {
              "algorithm": "sha256",
              "hash": "9356fe17af2711e0a5ace4b20a0373e03163545fd7516e0c3c40428f44597052",
              "url": "https://files.pythonhosted.org/packages/c9/29/2f68c57e7c4242fedbf4b3fdc24fce2ffcf60640c936621d8a645593a161/duckdb-1.4.2-cp312-cp312-macosx_10_13_universal2.whl"
            },
            {
              "algorithm": "sha256",
              "hash": "7a496a04458590dcec8e928122ebe2ecbb42c3e1de4119f5461f7bf547acbe79",
              "url": "https://files.pythonhosted.org/packages/d6/d5/8f84b3685a8730f47e68bce46dbce789cb85c915a8c6aafdf85830589eb3/duckdb-1.4.2-cp311-cp311-manylinux_2_26_aarch64.manylinux_2_28_aarch64.whl"
            },
            {
              "algorithm": "sha256",
              "hash": "389fa9abe4ca37d091332a2f8c3ebd713f18e87dc4cb5e8efd3e5aa8ddf8885f",
              "url": "https://files.pythonhosted.org/packages/f7/a2/67f4798a7a29bd0813f8a1e94a83e857e57f5d1ba14cf3edc5551aad0095/duckdb-1.4.2-cp312-cp312-macosx_11_0_arm64.whl"
            }
          ],
          "project_name": "duckdb",
          "requires_dists": [
            "adbc-driver-manager; extra == \"all\"",
            "fsspec; extra == \"all\"",
            "ipython; extra == \"all\"",
            "numpy; extra == \"all\"",
            "pandas; extra == \"all\"",
            "pyarrow; extra == \"all\""
          ],
          "requires_python": ">=3.9.0",
          "version": "1.4.2"
        },
        {
          "artifacts": [
            {
              "algorithm": "sha256",
              "hash": "f2d80b49a86a846b70cc3a03eb5ea6ad2939298bf6a7fe377aa9cd3dd079d358",
              "url": "https://files.pythonhosted.org/packages/eb/23/dfb161e91db7c92727db505dc72a384ee79681fe0603f706f9f9f52c2901/fastapi-0.121.2-py3-none-any.whl"
            },
            {
              "algorithm": "sha256",
              "hash": "ca8e932b2b823ec1721c641e3669472c855ad9564a2854c9899d904c2848b8b9",
              "url": "https://files.pythonhosted.org/packages/fb/48/f08f264da34cf160db82c62ffb335e838b1fc16cbcc905f474c7d4c815db/fastapi-0.121.2.tar.gz"
            }
          ],
          "project_name": "fastapi",
          "requires_dists": [
            "annotated-doc>=0.0.2",
            "email-validator>=2.0.0; extra == \"all\"",
            "email-validator>=2.0.0; extra == \"standard\"",
            "email-validator>=2.0.0; extra == \"standard-no-fastapi-cloud-cli\"",
            "fastapi-cli[standard-no-fastapi-cloud-cli]>=0.0.8; extra == \"standard-no-fastapi-cloud-cli\"",
            "fastapi-cli[standard]>=0.0.8; extra == \"all\"",
            "fastapi-cli[standard]>=0.0.8; extra == \"standard\"",
            "httpx<1.0.0,>=0.23.0; extra == \"all\"",
            "httpx<1.0.0,>=0.23.0; extra == \"standard\"",
            "httpx<1.0.0,>=0.23.0; extra == \"standard-no-fastapi-cloud-cli\"",
            "itsdangerous>=1.1.0; extra == \"all\"",
            "jinja2>=3.1.5; extra == \"all\"",
            "jinja2>=3.1.5; extra == \"standard\"",
            "jinja2>=3.1.5; extra == \"standard-no-fastapi-cloud-cli\"",
            "orjson>=3.2.1; extra == \"all\"",
            "pydantic!=1.8,!=1.8.1,!=2.0.0,!=2.0.1,!=2.1.0,<3.0.0,>=1.7.4",
            "pydantic-extra-types>=2.0.0; extra == \"all\"",
            "pydantic-settings>=2.0.0; extra == \"all\"",
            "python-multipart>=0.0.18; extra == \"all\"",
            "python-multipart>=0.0.18; extra == \"standard\"",
            "python-multipart>=0.0.18; extra == \"standard-no-fastapi-cloud-cli\"",
            "pyyaml>=5.3.1; extra == \"all\"",
            "starlette<0.50.0,>=0.40.0",
            "typing-extensions>=4.8.0",
            "ujson!=4.0.2,!=4.1.0,!=4.2.0,!=4.3.0,!=5.0.0,!=5.1.0,>=4.0.1; extra == \"all\"",
            "uvicorn[standard]>=0.12.0; extra == \"all\"",
            "uvicorn[standard]>=0.12.0; extra == \"standard\"",
            "uvicorn[standard]>=0.12.0; extra == \"standard-no-fastapi-cloud-cli\""
          ],
          "requires_python": ">=3.8",
          "version": "0.121.2"
        },
        {
          "artifacts": [
            {
              "algorithm": "sha256",
              "hash": "63cf8bbe7522de3bf65932fda1d9c2772064ffb3dae62d55932da54b31cb6c86",
              "url": "https://files.pythonhosted.org/packages/04/4b/29cac41a4d98d144bf5f6d33995617b185d14b22401f75ca86f384e87ff1/h11-0.16.0-py3-none-any.whl"
            },
            {
              "algorithm": "sha256",
              "hash": "4e35b956cf45792e4caa5885e69fba00bdbc6ffafbfa020300e549b208ee5ff1",
              "url": "https://files.pythonhosted.org/packages/01/ee/02a2c011bdab74c6fb3c75474d40b3052059d95df7e73351460c8588d963/h11-0.16.0.tar.gz"
            }
          ],
          "project_name": "h11",
          "requires_dists": [],
          "requires_python": ">=3.8",
          "version": "0.16.0"
        },
        {
          "artifacts": [
            {
              "algorithm": "sha256",
              "hash": "771a87f49d9defaf64091e6e6fe9c18d4833f140bd19464795bc32d966ca37ea",
              "url": "https://files.pythonhosted.org/packages/0e/61/66938bbb5fc52dbdf84594873d5b51fb1f7c7794e9c0f5bd885f30bc507b/idna-3.11-py3-none-any.whl"
            },
            {
              "algorithm": "sha256",
              "hash": "795dafcc9c04ed0c1fb032c2aa73654d8e8c5023a7df64a53f39190ada629902",
              "url": "https://files.pythonhosted.org/packages/6f/6d/0703ccc57f3a7233505399edb88de3cbd678da106337b9fcde432b65ed60/idna-3.11.tar.gz"
            }
          ],
          "project_name": "idna",
          "requires_dists": [
            "flake8>=7.1.1; extra == \"all\"",
            "mypy>=1.11.2; extra == \"all\"",
            "pytest>=8.3.2; extra == \"all\"",
            "ruff>=0.6.2; extra == \"all\""
          ],
          "requires_python": ">=3.8",
          "version": "3.11"
        },
        {
          "artifacts": [
            {
              "algorithm": "sha256",
              "hash": "92d3d202a745d46f9be6df459ac5a064fdaa3c1c4cd8adcfa332ccf3c05f871e",
              "url": "https://files.pythonhosted.org/packages/82/2f/e68750da9b04856e2a7ec56fc6f034a5a79775e9b9a81882252789873798/pydantic-2.12.4-py3-none-any.whl"
            },
            {
              "algorithm": "sha256",
              "hash": "0f8cb9555000a4b5b617f66bfd2566264c4984b27589d3b845685983e8ea85ac",
              "url": "https://files.pythonhosted.org/packages/96/ad/a17bc283d7d81837c061c49e3eaa27a45991759a1b7eae1031921c6bd924/pydantic-2.12.4.tar.gz"
            }
          ],
          "project_name": "pydantic",
          "requires_dists": [
            "annotated-types>=0.6.0",
            "email-validator>=2.0.0; extra == \"email\"",
            "pydantic-core==2.41.5",
            "typing-extensions>=4.14.1",
            "typing-inspection>=0.4.2",
            "tzdata; (python_version >= \"3.9\" and platform_system == \"Windows\") and extra == \"timezone\""
          ],
          "requires_python": ">=3.9",
          "version": "2.12.4"
        },
        {
          "artifacts": [
            {
              "algorithm": "sha256",
              "hash": "f14f8f046c14563f8eb3f45f499cc658ab8d10072961e07225e507adb700e93f",
              "url": "https://files.pythonhosted.org/packages/88/9d/b06ca6acfe4abb296110fb1273a4d848a0bfb2ff65f3ee92127b3244e16b/pydantic_core-2.41.5-pp311-pypy311_pp73-musllinux_1_1_x86_64.whl"
            },
            {
              "algorithm": "sha256",
              "hash": "65840751b72fbfd82c3c640cff9284545342a4f1eb1586ad0636955b261b0b05",
              "url": "https://files.pythonhosted.org/packages/00/b5/0e8e4b5b081eac6cb3dbb7e60a65907549a1ce035a724368c330112adfdd/pydantic_core-2.41.5-cp312-cp312-manylinux_2_17_ppc64le.manylinux2014_ppc64le.whl"
            },
            {
              "algorithm": "sha256",
              "hash": "eceb81a8d74f9267ef4081e246ffd6d129da5d87e37a77c9bde550cb04870c1c",
              "url": "https://files.pythonhosted.org/packages/0d/76/941cc9f73529988688a665a5c0ecff1112b3d95ab48f81db5f7606f522d3/pydantic_core-2.41.5-cp312-cp312-manylinux_2_17_x86_64.manylinux2014_x86_64.whl"
            },
            {
              "algorithm": "sha256",
              "hash": "7f3bf998340c6d4b0c9a2f02d6a400e51f123b59565d74dc60d252ce888c260b",
              "url": "https://files.pythonhosted.org/packages/12/44/37e403fd9455708b3b942949e1d7febc02167662bf1a7da5b78ee1ea2842/pydantic_core-2.41.5-cp311-cp311-macosx_11_0_arm64.whl"
            },
            {
              "algorithm": "sha256",
              "hash": "a668ce24de96165bb239160b3d854943128f4334822900534f2fe947930e5770",
              "url": "https://files.pythonhosted.org/packages/1f/f2/f11dd73284122713f5f89fc940f370d035fa8e1e078d446b3313955157fe/pydantic_core-2.41.5-pp311-pypy311_pp73-musllinux_1_1_armv7l.whl"
            },
            {
              "algorithm": "sha256",
              "hash": "378bec5c66998815d224c9ca994f1e14c0c21cb95d2f52b6021cc0b2a58f2a5a",
              "url": "https://files.pythonhosted.org/packages/33/7f/1d5cab3ccf44c1935a359d51a8a2a9e1a654b744b5e7f80d41b88d501eec/pydantic_core-2.41.5-cp311-cp311-manylinux_2_17_aarch64.manylinux2014_aarch64.whl"
            },
            {
              "algorithm": "sha256",
              "hash": "ed2e99c456e3fadd05c991f8f437ef902e00eedf34320ba2b0842bd1c3ca3a75",
              "url": "https://files.pythonhosted.org/packages/38/de/8c36b5198a29bdaade07b5985e80a233a5ac27137846f3bc2d3b40a47360/pydantic_core-2.41.5-cp312-cp312-manylinux_2_17_armv7l.manylinux2014_armv7l.whl"
            },
            {
              "algorithm": "sha256",
              "hash": "482c982f814460eabe1d3bb0adfdc583387bd4691ef00b90575ca0d2b6fe2294",
              "url": "https://files.pythonhosted.org/packages/49/7d/4c00df99cb12070b6bccdef4a195255e6020a550d572768d92cc54dba91a/pydantic_core-2.41.5-cp312-cp312-musllinux_1_1_armv7l.whl"
            },
            {
              "algorithm": "sha256",
              "hash": "6cb58b9c66f7e4179a2d5e0f849c48eff5c1fca560994d6eb6543abf955a149e",
              "url": "https://files.pythonhosted.org/packages/50/be/76e5d46203fcb2750e542f32e6c371ffa9b8ad17364cf94bb0818dbfb50c/pydantic_core-2.41.5-cp311-cp311-manylinux_2_17_ppc64le.manylinux2014_ppc64le.whl"
            },
            {
              "algorithm": "sha256",
              "hash": "03b77d184b9eb40240ae9fd676ca364ce1085f203e1b1256f8ab9984dca80a84",
              "url": "https://files.pythonhosted.org/packages/55/4c/162d906b8e3ba3a99354e20faa1b49a85206c47de97a639510a0e673f5da/pydantic_core-2.41.5-pp311-pypy311_pp73-musllinux_1_1_aarch64.whl"
            },
            {
              "algorithm": "sha256",
              "hash": "34a64bc3441dc1213096a20fe27e8e128bd3ff89921706e83c0b1ac971276594",
              "url": "https://files.pythonhosted.org/packages/58/7f/0de669bf37d206723795f9c90c82966726a2ab06c336deba4735b55af431/pydantic_core-2.41.5-cp311-cp311-musllinux_1_1_armv7l.whl"
            },
            {
              "algorithm": "sha256",
              "hash": "f41a7489d32336dbf2199c8c0a215390a751c5b014c2c1c5366e817202e9cdf7",
              "url": "https://files.pythonhosted.org/packages/5f/5d/5f6c63eebb5afee93bcaae4ce9a898f3373ca23df3ccaef086d0233a35a7/pydantic_core-2.41.5-cp312-cp312-macosx_10_12_x86_64.whl"
            },
            {
              "algorithm": "sha256",
              "hash": "b2379fa7ed44ddecb5bfe4e48577d752db9fc10be00a6b7446e9663ba143de26",
              "url": "https://files.pythonhosted.org/packages/5f/9b/1b3f0e9f9305839d7e84912f9e8bfbd191ed1b1ef48083609f0dabde978c/pydantic_core-2.41.5-pp311-pypy311_pp73-macosx_10_12_x86_64.whl"
            },
            {
              "algorithm": "sha256",
              "hash": "e96cea19e34778f8d59fe40775a7a574d95816eb150850a85a7a4c8f4b94ac69",
              "url": "https://files.pythonhosted.org/packages/68/b8/a01b53cb0e59139fbc9e4fda3e9724ede8de279097179be4ff31f1abb65a/pydantic_core-2.41.5-cp312-cp312-manylinux_2_17_aarch64.manylinux2014_aarch64.whl"
            },
            {
              "algorithm": "sha256",
              "hash": "e7b576130c69225432866fe2f4a469a85a54ade141d96fd396dffcf607b558f8",
              "url": "https://files.pythonhosted.org/packages/6e/6a/30d94a9674a7fe4f4744052ed6c5e083424510be1e93da5bc47569d11810/pydantic_core-2.41.5-cp311-cp311-manylinux_2_17_armv7l.manylinux2014_armv7l.whl"
            },
            {
              "algorithm": "sha256",
              "hash": "08daa51ea16ad373ffd5e7606252cc32f07bc72b28284b6bc9c6df804816476e",
              "url": "https://files.pythonhosted.org/packages/71/70/23b021c950c2addd24ec408e9ab05d59b035b39d97cdc1130e1bce647bb6/pydantic_core-2.41.5.tar.gz"
            },
            {
              "algorithm": "sha256",
              "hash": "e536c98a7626a98feb2d3eaf75944ef6f3dbee447e1f841eae16f2f0a72d8ddc",
              "url": "https://files.pythonhosted.org/packages/77/56/87a61aad59c7c5b9dc8caad5a41a5545cba3810c3e828708b3d7404f6cef/pydantic_core-2.41.5-cp312-cp312-manylinux_2_17_s390x.manylinux2014_s390x.whl"
            },
            {
              "algorithm": "sha256",
              "hash": "287dad91cfb551c363dc62899a80e9e14da1f0e2b6ebde82c806612ca2a13ef1",
              "url": "https://files.pythonhosted.org/packages/83/d9/8412d7f06f616bbc053d30cb4e5f76786af3221462ad5eee1f202021eb4e/pydantic_core-2.41.5-pp311-pypy311_pp73-manylinux_2_5_i686.manylinux1_i686.whl"
            },
            {
              "algorithm": "sha256",
              "hash": "266fb4cbf5e3cbd0b53669a6d1b039c45e3ce651fd5442eff4d07c2cc8d66808",
              "url": "https://files.pythonhosted.org/packages/a4/ed/d71fefcb4263df0da6a85b5d8a7508360f2f2e9b3bf5814be9c8bccdccc1/pydantic_core-2.41.5-pp311-pypy311_pp73-macosx_11_0_arm64.whl"
            },
            {
              "algorithm": "sha256",
              "hash": "070259a8818988b9a84a449a2a7337c7f430a22acc0859c6b110aa7212a6d9c0",
              "url": "https://files.pythonhosted.org/packages/aa/32/9c2e8ccb57c01111e0fd091f236c7b371c1bccea0fa85247ac55b1e2b6b6/pydantic_core-2.41.5-cp312-cp312-macosx_11_0_arm64.whl"
            },
            {
              "algorithm": "sha256",
              "hash": "c1df3d34aced70add6f867a8cf413e299177e0c22660cc767218373d0779487b",
              "url": "https://files.pythonhosted.org/packages/b0/3b/698cf8ae1d536a010e05121b4958b1257f0b5522085e335360e53a6b1c8b/pydantic_core-2.41.5-cp311-cp311-manylinux_2_5_i686.manylinux1_i686.whl"
            },
            {
              "algorithm": "sha256",
              "hash": "c23e27686783f60290e36827f9c626e63154b82b116d7fe9adba1fda36da706c",
              "url": "https://files.pythonhosted.org/packages/b1/87/41f3202e4193e3bacfc2c065fab7706ebe81af46a83d3e27605029c1f5a6/pydantic_core-2.41.5-cp312-cp312-musllinux_1_1_aarch64.whl"
            },
            {
              "algorithm": "sha256",
              "hash": "4009935984bd36bd2c774e13f9a09563ce8de4abaa7226f5108262fa3e637284",
              "url": "https://files.pythonhosted.org/packages/b8/ba/15d537423939553116dea94ce02f9c31be0fa9d0b806d427e0308ec17145/pydantic_core-2.41.5-cp311-cp311-musllinux_1_1_aarch64.whl"
            },
            {
              "algorithm": "sha256",
              "hash": "f31d95a179f8d64d90f6831d71fa93290893a33148d890ba15de25642c5d075b",
              "url": "https://files.pythonhosted.org/packages/c8/be/8fed28dd0a180dca19e72c233cbf58efa36df055e5b9d90d64fd1740b828/pydantic_core-2.41.5-cp311-cp311-manylinux_2_17_x86_64.manylinux2014_x86_64.whl"
            },
            {
              "algorithm": "sha256",
              "hash": "bfea2a5f0b4d8d43adf9d7b8bf019fb46fdd10a2e5cde477fbcb9d1fa08c68e1",
              "url": "https://files.pythonhosted.org/packages/cc/6a/ebf4b1d65d458f3cda6a7335d141305dfa19bdc61140a884d165a8a1bbc7/pydantic_core-2.41.5-cp312-cp312-musllinux_1_1_x86_64.whl"
            },
            {
              "algorithm": "sha256",
              "hash": "58133647260ea01e4d0500089a8c4f07bd7aa6ce109682b1426394988d8aaacc",
              "url": "https://files.pythonhosted.org/packages/ce/3a/626b38db460d675f873e4444b4bb030453bbe7b4ba55df821d026a0493c4/pydantic_core-2.41.5-pp311-pypy311_pp73-manylinux_2_17_x86_64.manylinux2014_x86_64.whl"
            },
            {
              "algorithm": "sha256",
              "hash": "d38548150c39b74aeeb0ce8ee1d8e82696f4a4e16ddc6de7b1d8823f7de4b9b5",
              "url": "https://files.pythonhosted.org/packages/d3/43/ebef01f69baa07a482844faaa0a591bad1ef129253ffd0cdaa9d8a7f72d3/pydantic_core-2.41.5-cp312-cp312-manylinux_2_5_i686.manylinux1_i686.whl"
            },
            {
              "algorithm": "sha256",
              "hash": "88942d3a3dff3afc8288c21e565e476fc278902ae4d6d134f1eeda118cc830b1",
              "url": "https://files.pythonhosted.org/packages/d3/ee/fed784df0144793489f87db310a6bbf8118d7b630ed07aa180d6067e653a/pydantic_core-2.41.5-cp311-cp311-manylinux_2_17_s390x.manylinux2014_s390x.whl"
            },
            {
              "algorithm": "sha256",
              "hash": "c9e19dd6e28fdcaa5a1de679aec4141f691023916427ef9bae8584f9c2fb3b0e",
              "url": "https://files.pythonhosted.org/packages/e5/de/e7482c435b83d7e3c3ee5ee4451f6e8973cff0eb6007d2872ce6383f6398/pydantic_core-2.41.5-cp311-cp311-musllinux_1_1_x86_64.whl"
            },
            {
              "algorithm": "sha256",
              "hash": "a3a52f6156e73e7ccb0f8cced536adccb7042be67cb45f9562e12b319c119da6",
              "url": "https://files.pythonhosted.org/packages/e8/72/74a989dd9f2084b3d9530b0915fdda64ac48831c30dbf7c72a41a5232db8/pydantic_core-2.41.5-cp311-cp311-macosx_10_12_x86_64.whl"
            }
          ],
          "project_name": "pydantic-core",
          "requires_dists": [
            "typing-extensions>=4.14.1"
          ],
          "requires_python": ">=3.9",
          "version": "2.41.5"
        },
        {
          "artifacts": [
            {
              "algorithm": "sha256",
              "hash": "2f6da418d1f1e0fddd844478f41680e794e6051915791a034ff65e5f100525a2",
              "url": "https://files.pythonhosted.org/packages/e9/44/75a9c9421471a6c4805dbf2356f7c181a29c1879239abab1ea2cc8f38b40/sniffio-1.3.1-py3-none-any.whl"
            },
            {
              "algorithm": "sha256",
              "hash": "f4324edc670a0f49750a81b895f35c3adb843cca46f0530f79fc1babb23789dc",
              "url": "https://files.pythonhosted.org/packages/a2/87/a6771e1546d97e7e041b6ae58d80074f81b7d5121207425c964ddf5cfdbd/sniffio-1.3.1.tar.gz"
            }
          ],
          "project_name": "sniffio",
          "requires_dists": [],
          "requires_python": ">=3.7",
          "version": "1.3.1"
        },
        {
          "artifacts": [
            {
              "algorithm": "sha256",
              "hash": "b579b99715fdc2980cf88c8ec96d3bf1ce16f5a8051a7c2b84ef9b1cdecaea2f",
              "url": "https://files.pythonhosted.org/packages/a3/e0/021c772d6a662f43b63044ab481dc6ac7592447605b5b35a957785363122/starlette-0.49.3-py3-none-any.whl"
            },
            {
              "algorithm": "sha256",
              "hash": "1c14546f299b5901a1ea0e34410575bc33bbd741377a10484a54445588d00284",
              "url": "https://files.pythonhosted.org/packages/de/1a/608df0b10b53b0beb96a37854ee05864d182ddd4b1156a22f1ad3860425a/starlette-0.49.3.tar.gz"
            }
          ],
          "project_name": "starlette",
          "requires_dists": [
            "anyio<5,>=3.6.2",
            "httpx<0.29.0,>=0.27.0; extra == \"full\"",
            "itsdangerous; extra == \"full\"",
            "jinja2; extra == \"full\"",
            "python-multipart>=0.0.18; extra == \"full\"",
            "pyyaml; extra == \"full\"",
            "typing-extensions>=4.10.0; python_version < \"3.13\""
          ],
          "requires_python": ">=3.9",
          "version": "0.49.3"
        },
        {
          "artifacts": [
            {
              "algorithm": "sha256",
              "hash": "f0fa19c6845758ab08074a0cfa8b7aecb71c999ca73d62883bc25cc018c4e548",
              "url": "https://files.pythonhosted.org/packages/18/67/36e9267722cc04a6b9f15c7f3441c2363321a3ea07da7ae0c0707beb2a9c/typing_extensions-4.15.0-py3-none-any.whl"
            },
            {
              "algorithm": "sha256",
              "hash": "0cea48d173cc12fa28ecabc3b837ea3cf6f38c6d1136f85cbaaf598984861466",
              "url": "https://files.pythonhosted.org/packages/72/94/1a15dd82efb362ac84269196e94cf00f187f7ed21c242792a923cdb1c61f/typing_extensions-4.15.0.tar.gz"
            }
          ],
          "project_name": "typing-extensions",
          "requires_dists": [],
          "requires_python": ">=3.9",
          "version": "4.15.0"
        },
        {
          "artifacts": [
            {
              "algorithm": "sha256",
              "hash": "4ed1cacbdc298c220f1bd249ed5287caa16f34d44ef4e9c3d0cbad5b521545e7",
              "url": "https://files.pythonhosted.org/packages/dc/9b/47798a6c91d8bdb567fe2698fe81e0c6b7cb7ef4d13da4114b41d239f65d/typing_inspection-0.4.2-py3-none-any.whl"
            },
            {
              "algorithm": "sha256",
              "hash": "ba561c48a67c5958007083d386c3295464928b01faa735ab8547c5692e87f464",
              "url": "https://files.pythonhosted.org/packages/55/e3/70399cb7dd41c10ac53367ae42139cf4b1ca5f36bb3dc6c9d33acdb43655/typing_inspection-0.4.2.tar.gz"
            }
          ],
          "project_name": "typing-inspection",
          "requires_dists": [
            "typing-extensions>=4.12.0"
          ],
          "requires_python": ">=3.9",
          "version": "0.4.2"
        },
        {
          "artifacts": [
            {
              "algorithm": "sha256",
              "hash": "48c0afd214ceb59340075b4a052ea1ee91c16fbc2a9b1469cca0e54566977b02",
              "url": "https://files.pythonhosted.org/packages/ee/d9/d88e73ca598f4f6ff671fb5fde8a32925c2e08a637303a1d12883c7305fa/uvicorn-0.38.0-py3-none-any.whl"
            },
            {
              "algorithm": "sha256",
              "hash": "fd97093bdd120a2609fc0d3afe931d4d4ad688b6e75f0f929fde1bc36fe0e91d",
              "url": "https://files.pythonhosted.org/packages/cb/ce/f06b84e2697fef4688ca63bdb2fdf113ca0a3be33f94488f2cadb690b0cf/uvicorn-0.38.0.tar.gz"
            }
          ],
          "project_name": "uvicorn",
          "requires_dists": [
            "click>=7.0",
            "colorama>=0.4; sys_platform == \"win32\" and extra == \"standard\"",
            "h11>=0.8",
            "httptools>=0.6.3; extra == \"standard\"",
            "python-dotenv>=0.13; extra == \"standard\"",
            "pyyaml>=5.1; extra == \"standard\"",
            "typing-extensions>=4.0; python_version < \"3.11\"",
            "uvloop>=0.15.1; (sys_platform != \"win32\" and (sys_platform != \"cygwin\" and platform_python_implementation != \"PyPy\")) and extra == \"standard\"",
            "watchfiles>=0.13; extra == \"standard\"",
            "websockets>=10.4; extra == \"standard\""
          ],
          "requires_python": ">=3.9",
          "version": "0.38.0"
        }
      ],
      "platform_tag": null
    }
  ],
  "only_builds": [],
  "only_wheels": [],
  "overridden": [],
  "path_mappings": {},
  "pex_version": "2.20.3",
  "pip_version": "24.2",
  "prefer_older_binary": false,
  "requirements": [
    "duckdb>=0.9.0",
    "fastapi>=0.104.0",
    "pydantic>=2.0.0",
    "uvicorn>=0.24.0"
  ],
  "requires_python": [
    "<3.13,>=3.11"
  ],
  "resolver_version": "pip-2020-resolver",
  "style": "universal",
  "target_systems": [
    "linux",
    "mac"
  ],
  "transitive": true,
  "use_pep517": null,
  "use_system_time": false
}
